# This file is autogenerated, do not edit; changes may be undone by the next 'dep ensure'.


[[projects]]
  branch = "master"
  digest = "1:02062d7ba6bc5cafabdf5faea001b8a797c1b7622607eba922c8bc6f341f0087"
  name = "github.com/gocql/gocql"
  packages = [
    ".",
    "internal/lru",
    "internal/murmur",
    "internal/streams",
  ]
  pruneopts = "UT"
  revision = "34081eda590e85c1fdbd412012340d9ee2cf3aff"

[[projects]]
  digest = "1:e4f5819333ac698d294fe04dbf640f84719658d5c7ce195b10060cc37292ce79"
  name = "github.com/golang/snappy"
  packages = ["."]
  pruneopts = "UT"
  revision = "2a8bb927dd31d8daada140a5d09578521ce5c36a"
  version = "v0.0.1"

[[projects]]
  branch = "master"
  digest = "1:364b908b9b27b97ab838f2f6f1b1f46281fa29b978a037d72a9b1d4f6d940190"
  name = "github.com/hailocab/go-hostpool"
  packages = ["."]
  pruneopts = "UT"
  revision = "e80d13ce29ede4452c43dea11e79b9bc8a15b478"

[[projects]]
  digest = "1:a379b544b66cf701831723bd4cdd61bdf44f96e697a28739edf404ef87a954ed"
  name = "github.com/scylladb/go-reflectx"
  packages = ["."]
  pruneopts = "UT"
  revision = "0fbd3dd109a43e75e5d5e62c184345d5502306e6"
  version = "v1.0.1"

[[projects]]
  digest = "1:b24dcc2b99be518c5bba790b9859ce9337e9a629444a6b03a084684fb41386c5"
  name = "github.com/scylladb/gocqlx"
  packages = [
    ".",
    "qb",
    "table",
  ]
  pruneopts = "UT"
  revision = "fa54f5347bb2b65edf6e766227e552684ce6e84a"
  version = "v2.0.1"

[[projects]]
  digest = "1:2d1fbdc6777e5408cabeb02bf336305e724b925ff4546ded0fa8715a7267922a"
  name = "gopkg.in/inf.v0"
  packages = ["."]
  pruneopts = "UT"
  revision = "d2d2541c53f18d2a059457998ce2876cc8e67cbf"
  version = "v0.9.1"

[solve-meta]
  analyzer-name = "dep"
  analyzer-version = 1
  input-imports = [
    "github.com/gocql/gocql",
    "github.com/scylladb/gocqlx",
    "github.com/scylladb/gocqlx/qb",
    "github.com/scylladb/gocqlx/table",
  ]
  solver-name = "gps-cdcl"
  solver-version = 1
